
Microsoft Visual Studio Solution File, Format Version 12.00
# Visual Studio 15
VisualStudioVersion = 15.0.28307.102
MinimumVisualStudioVersion = 10.0.40219.1
Project("{FAE04EC0-301F-11D3-BF4B-00C04F79EFBC}") = "NumberConverter", "NumberConverter.csproj", "{D27882BA-4726-433A-ADC6-251A7501FAF4}"
EndProject
Project("{FAE04EC0-301F-11D3-BF4B-00C04F79EFBC}") = "ConverterLib", "..\ConverterLib\ConverterLib.csproj", "{1246B6CF-2BF2-46F2-99BA-FC429864DF8F}"
EndProject
Global
	GlobalSection(SolutionConfigurationPlatforms) = preSolution
		Debug|Any CPU = Debug|Any CPU
		Debug|ARM = Debug|ARM
		Debug|ARM64 = Debug|ARM64
		Debug|x64 = Debug|x64
		Debug|x86 = Debug|x86
		Release|Any CPU = Release|Any CPU
		Release|ARM = Release|ARM
		Release|ARM64 = Release|ARM64
		Release|x64 = Release|x64
		Release|x86 = Release|x86
	EndGlobalSection
	GlobalSection(ProjectConfigurationPlatforms) = postSolution
		{D27882BA-4726-433A-ADC6-251A7501FAF4}.Debug|Any CPU.ActiveCfg = Debug|x86
		{D27882BA-4726-433A-ADC6-251A7501FAF4}.Debug|ARM.ActiveCfg = Debug|ARM
		{D27882BA-4726-433A-ADC6-251A7501FAF4}.Debug|ARM.Build.0 = Debug|ARM
		{D27882BA-4726-433A-ADC6-251A7501FAF4}.Debug|ARM.Deploy.0 = Debug|ARM
		{D27882BA-4726-433A-ADC6-251A7501FAF4}.Debug|ARM64.ActiveCfg = Debug|ARM64
		{D27882BA-4726-433A-ADC6-251A7501FAF4}.Debug|ARM64.Build.0 = Debug|ARM64
		{D27882BA-4726-433A-ADC6-251A7501FAF4}.Debug|ARM64.Deploy.0 = Debug|ARM64
		{D27882BA-4726-433A-ADC6-251A7501FAF4}.Debug|x64.ActiveCfg = Debug|x64
		{D27882BA-4726-433A-ADC6-251A7501FAF4}.Debug|x64.Build.0 = Debug|x64
		{D27882BA-4726-433A-ADC6-251A7501FAF4}.Debug|x64.Deploy.0 = Debug|x64
		{D27882BA-4726-433A-ADC6-251A7501FAF4}.Debug|x86.ActiveCfg = Debug|x86
		{D27882BA-4726-433A-ADC6-251A7501FAF4}.Debug|x86.Build.0 = Debug|x86
		{D27882BA-4726-433A-ADC6-251A7501FAF4}.Debug|x86.Deploy.0 = Debug|x86
		{D27882BA-4726-433A-ADC6-251A7501FAF4}.Release|Any CPU.ActiveCfg = Release|x86
		{D27882BA-4726-433A-ADC6-251A7501FAF4}.Release|ARM.ActiveCfg = Release|ARM
		{D27882BA-4726-433A-ADC6-251A7501FAF4}.Release|ARM.Build.0 = Release|ARM
		{D27882BA-4726-433A-ADC6-251A7501FAF4}.Release|ARM.Deploy.0 = Release|ARM
		{D27882BA-4726-433A-ADC6-251A7501FAF4}.Release|ARM64.ActiveCfg = Release|ARM64
		{D27882BA-4726-433A-ADC6-251A7501FAF4}.Release|ARM64.Build.0 = Release|ARM64
		{D27882BA-4726-433A-ADC6-251A7501FAF4}.Release|ARM64.Deploy.0 = Release|ARM64
		{D27882BA-4726-433A-ADC6-251A7501FAF4}.Release|x64.ActiveCfg = Release|x64
		{D27882BA-4726-433A-ADC6-251A7501FAF4}.Release|x64.Build.0 = Release|x64
		{D27882BA-4726-433A-ADC6-251A7501FAF4}.Release|x64.Deploy.0 = Release|x64
		{D27882BA-4726-433A-ADC6-251A7501FAF4}.Release|x86.ActiveCfg = Release|x86
		{D27882BA-4726-433A-ADC6-251A7501FAF4}.Release|x86.Build.0 = Release|x86
		{D27882BA-4726-433A-ADC6-251A7501FAF4}.Release|x86.Deploy.0 = Release|x86
		{1246B6CF-2BF2-46F2-99BA-FC429864DF8F}.Debug|Any CPU.ActiveCfg = Debug|Any CPU
		{1246B6CF-2BF2-46F2-99BA-FC429864DF8F}.Debug|Any CPU.Build.0 = Debug|Any CPU
		{1246B6CF-2BF2-46F2-99BA-FC429864DF8F}.Debug|ARM.ActiveCfg = Debug|ARM
		{1246B6CF-2BF2-46F2-99BA-FC429864DF8F}.Debug|ARM.Build.0 = Debug|ARM
		{1246B6CF-2BF2-46F2-99BA-FC429864DF8F}.Debug|ARM64.ActiveCfg = Debug|ARM64
		{1246B6CF-2BF2-46F2-99BA-FC429864DF8F}.Debug|ARM64.Build.0 = Debug|ARM64
		{1246B6CF-2BF2-46F2-99BA-FC429864DF8F}.Debug|x64.ActiveCfg = Debug|x64
		{1246B6CF-2BF2-46F2-99BA-FC429864DF8F}.Debug|x64.Build.0 = Debug|x64
		{1246B6CF-2BF2-46F2-99BA-FC429864DF8F}.Debug|x86.ActiveCfg = Debug|x86
		{1246B6CF-2BF2-46F2-99BA-FC429864DF8F}.Debug|x86.Build.0 = Debug|x86
		{1246B6CF-2BF2-46F2-99BA-FC429864DF8F}.Release|Any CPU.ActiveCfg = Release|Any CPU
		{1246B6CF-2BF2-46F2-99BA-FC429864DF8F}.Release|Any CPU.Build.0 = Release|Any CPU
		{1246B6CF-2BF2-46F2-99BA-FC429864DF8F}.Release|ARM.ActiveCfg = Release|ARM
		{1246B6CF-2BF2-46F2-99BA-FC429864DF8F}.Release|ARM.Build.0 = Release|ARM
		{1246B6CF-2BF2-46F2-99BA-FC429864DF8F}.Release|ARM64.ActiveCfg = Release|ARM64
		{1246B6CF-2BF2-46F2-99BA-FC429864DF8F}.Release|ARM64.Build.0 = Release|ARM64
		{1246B6CF-2BF2-46F2-99BA-FC429864DF8F}.Release|x64.ActiveCfg = Release|x64
		{1246B6CF-2BF2-46F2-99BA-FC429864DF8F}.Release|x64.Build.0 = Release|x64
		{1246B6CF-2BF2-46F2-99BA-FC429864DF8F}.Release|x86.ActiveCfg = Release|x86
		{1246B6CF-2BF2-46F2-99BA-FC429864DF8F}.Release|x86.Build.0 = Release|x86
	EndGlobalSection
	GlobalSection(SolutionProperties) = preSolution
		HideSolutionNode = FALSE
	EndGlobalSection
	GlobalSection(ExtensibilityGlobals) = postSolution
		SolutionGuid = {D78DBAB8-36FE-489F-BCA8-C26507CB0880}
	EndGlobalSection
EndGlobal
